# This lockfile was autogenerated by Pants. To regenerate, run:
#
#    ./pants generate-lockfiles
#
# --- BEGIN PANTS LOCKFILE METADATA: DO NOT EDIT OR REMOVE ---
# {
#   "version": 1,
#   "generated_with_requirements": [
#     "org.testng:testng:7.6.0,url=not_provided,jar=not_provided"
#   ]
# }
# --- END PANTS LOCKFILE METADATA ---

[[entries]]
directDependencies = []
dependencies = []
file_name = "com.beust_jcommander_1.82.jar"

[entries.coord]
group = "com.beust"
artifact = "jcommander"
version = "1.82"
packaging = "jar"
[entries.file_digest]
fingerprint = "deeac157c8de6822878d85d0c7bc8467a19cc8484d37788f7804f039dde280b1"
serialized_bytes_length = 88407
[[entries]]
directDependencies = []
dependencies = []
file_name = "com.google.code.findbugs_jsr305_3.0.2.jar"

[entries.coord]
group = "com.google.code.findbugs"
artifact = "jsr305"
version = "3.0.2"
packaging = "jar"
[entries.file_digest]
fingerprint = "766ad2a0783f2687962c8ad74ceecc38a28b9f72a2d085ee438b7813e928d0c7"
serialized_bytes_length = 19936
[[entries]]
directDependencies = []
dependencies = []
file_name = "org.slf4j_slf4j-api_1.7.36.jar"

[entries.coord]
group = "org.slf4j"
artifact = "slf4j-api"
version = "1.7.36"
packaging = "jar"
[entries.file_digest]
fingerprint = "d3ef575e3e4979678dc01bf1dcce51021493b4d11fb7f1be8ad982877c16a1c0"
serialized_bytes_length = 41125
[[entries]]
file_name = "org.testng_testng_7.6.0.jar"
[[entries.directDependencies]]
group = "com.beust"
artifact = "jcommander"
version = "1.82"
packaging = "jar"

[[entries.directDependencies]]
group = "com.google.code.findbugs"
artifact = "jsr305"
version = "3.0.2"
packaging = "jar"

[[entries.directDependencies]]
group = "org.slf4j"
artifact = "slf4j-api"
version = "1.7.36"
packaging = "jar"

[[entries.directDependencies]]
group = "org.webjars"
artifact = "jquery"
version = "3.6.0"
packaging = "jar"

[[entries.dependencies]]
group = "com.beust"
artifact = "jcommander"
version = "1.82"
packaging = "jar"

[[entries.dependencies]]
group = "com.google.code.findbugs"
artifact = "jsr305"
version = "3.0.2"
packaging = "jar"

[[entries.dependencies]]
group = "org.slf4j"
artifact = "slf4j-api"
version = "1.7.36"
packaging = "jar"

[[entries.dependencies]]
group = "org.webjars"
artifact = "jquery"
version = "3.6.0"
packaging = "jar"


[entries.coord]
group = "org.testng"
artifact = "testng"
version = "7.6.0"
packaging = "jar"
[entries.file_digest]
fingerprint = "974a352b5f8e00e51a25db9545124cff1a87a731374cf221434e2deebb9f6eef"
serialized_bytes_length = 989658
[[entries]]
directDependencies = []
dependencies = []
file_name = "org.webjars_jquery_3.6.0.jar"

[entries.coord]
group = "org.webjars"
artifact = "jquery"
version = "3.6.0"
packaging = "jar"
[entries.file_digest]
fingerprint = "bdc3245e3d8532e7ec200807df1b860d8196e1a4e57ddb55f8d9460081072c1b"
serialized_bytes_length = 313648
